
Microsoft Visual Studio Solution File, Format Version 12.00
# Visual Studio Version 16
VisualStudioVersion = 16.0.30413.136
MinimumVisualStudioVersion = 10.0.40219.1
Project("{FAE04EC0-301F-11D3-BF4B-00C04F79EFBC}") = "CRUD-Alumnos", "CRUD-Alumnos.csproj", "{C92E9481-71A2-4D33-B734-140C4DE11E1C}"
EndProject
Global
	GlobalSection(SolutionConfigurationPlatforms) = preSolution
		Debug|Any CPU = Debug|Any CPU
		Release|Any CPU = Release|Any CPU
	EndGlobalSection
	GlobalSection(ProjectConfigurationPlatforms) = postSolution
		{C92E9481-71A2-4D33-B734-140C4DE11E1C}.Debug|Any CPU.ActiveCfg = Debug|Any CPU
		{C92E9481-71A2-4D33-B734-140C4DE11E1C}.Debug|Any CPU.Build.0 = Debug|Any CPU
		{C92E9481-71A2-4D33-B734-140C4DE11E1C}.Release|Any CPU.ActiveCfg = Release|Any CPU
		{C92E9481-71A2-4D33-B734-140C4DE11E1C}.Release|Any CPU.Build.0 = Release|Any CPU
	EndGlobalSection
	GlobalSection(SolutionProperties) = preSolution
		HideSolutionNode = FALSE
	EndGlobalSection
	GlobalSection(ExtensibilityGlobals) = postSolution
		SolutionGuid = {DC44FF26-76C5-4842-9175-BCD58E3CCB8C}
	EndGlobalSection
EndGlobal
